
Microsoft Visual Studio Solution File, Format Version 12.00
# Visual Studio Version 17
VisualStudioVersion = 17.2.32526.322
MinimumVisualStudioVersion = 10.0.40219.1
Project("{9A19103F-16F7-4668-BE54-9A1E7A4F7556}") = "Exadel.Forecast.ConsoleApp", "ConsoleApp\Exadel.Forecast.ConsoleApp.csproj", "{A8541576-6D2C-4541-8731-953E8CC25971}"
	ProjectSection(ProjectDependencies) = postProject
		{83746A0A-96D7-49F3-9744-4BCDBDF1C00D} = {83746A0A-96D7-49F3-9744-4BCDBDF1C00D}
	EndProjectSection
EndProject
Project("{9A19103F-16F7-4668-BE54-9A1E7A4F7556}") = "Exadel.Forecast.DAL", "DAL\Exadel.Forecast.DAL.csproj", "{73F856AB-1F9B-44EE-AF8A-138D32D5FCC3}"
EndProject
Project("{9A19103F-16F7-4668-BE54-9A1E7A4F7556}") = "Exadel.Forecast.BL", "BL\Exadel.Forecast.BL.csproj", "{83746A0A-96D7-49F3-9744-4BCDBDF1C00D}"
	ProjectSection(ProjectDependencies) = postProject
		{73F856AB-1F9B-44EE-AF8A-138D32D5FCC3} = {73F856AB-1F9B-44EE-AF8A-138D32D5FCC3}
	EndProjectSection
EndProject
Project("{9A19103F-16F7-4668-BE54-9A1E7A4F7556}") = "Exadel.Forecast.Models", "Models\Exadel.Forecast.Models.csproj", "{5E4D0B8E-6C37-4C62-A4DF-D1B32E9AECB7}"
EndProject
Project("{9A19103F-16F7-4668-BE54-9A1E7A4F7556}") = "Exadel.Forecast.BL.Tests", "BL.Tests\Exadel.Forecast.BL.Tests.csproj", "{01FD5B7E-4DBD-48DE-89EE-3B6200069179}"
EndProject
Project("{9A19103F-16F7-4668-BE54-9A1E7A4F7556}") = "Exadel.Forecast.IntegrationTests", "IntegrationTests\Exadel.Forecast.IntegrationTests.csproj", "{37F2CFD3-C613-4E09-9C7F-709A4A615085}"
EndProject
Project("{9A19103F-16F7-4668-BE54-9A1E7A4F7556}") = "Exadel.Forecast.Domain", "Domain\Exadel.Forecast.Domain.csproj", "{C9C519A4-CA5C-4E48-9EC5-51D015F7D4A4}"
EndProject
Project("{9A19103F-16F7-4668-BE54-9A1E7A4F7556}") = "Exadel.Forecast.Api", "Api\Exadel.Forecast.Api.csproj", "{292729EB-E49D-4F28-AF02-DC25CA5359C9}"
EndProject
Project("{FAE04EC0-301F-11D3-BF4B-00C04F79EFBC}") = "Exadel.Forecast.IdentityServer", "IdentityServer\Exadel.Forecast.IdentityServer.csproj", "{D0CC77C1-E625-458A-BAFB-C2C07C274B44}"
EndProject
Global
	GlobalSection(SolutionConfigurationPlatforms) = preSolution
		Debug|Any CPU = Debug|Any CPU
		Release|Any CPU = Release|Any CPU
	EndGlobalSection
	GlobalSection(ProjectConfigurationPlatforms) = postSolution
		{A8541576-6D2C-4541-8731-953E8CC25971}.Debug|Any CPU.ActiveCfg = Debug|Any CPU
		{A8541576-6D2C-4541-8731-953E8CC25971}.Debug|Any CPU.Build.0 = Debug|Any CPU
		{A8541576-6D2C-4541-8731-953E8CC25971}.Release|Any CPU.ActiveCfg = Release|Any CPU
		{A8541576-6D2C-4541-8731-953E8CC25971}.Release|Any CPU.Build.0 = Release|Any CPU
		{73F856AB-1F9B-44EE-AF8A-138D32D5FCC3}.Debug|Any CPU.ActiveCfg = Debug|Any CPU
		{73F856AB-1F9B-44EE-AF8A-138D32D5FCC3}.Debug|Any CPU.Build.0 = Debug|Any CPU
		{73F856AB-1F9B-44EE-AF8A-138D32D5FCC3}.Release|Any CPU.ActiveCfg = Release|Any CPU
		{73F856AB-1F9B-44EE-AF8A-138D32D5FCC3}.Release|Any CPU.Build.0 = Release|Any CPU
		{83746A0A-96D7-49F3-9744-4BCDBDF1C00D}.Debug|Any CPU.ActiveCfg = Debug|Any CPU
		{83746A0A-96D7-49F3-9744-4BCDBDF1C00D}.Debug|Any CPU.Build.0 = Debug|Any CPU
		{83746A0A-96D7-49F3-9744-4BCDBDF1C00D}.Release|Any CPU.ActiveCfg = Release|Any CPU
		{83746A0A-96D7-49F3-9744-4BCDBDF1C00D}.Release|Any CPU.Build.0 = Release|Any CPU
		{5E4D0B8E-6C37-4C62-A4DF-D1B32E9AECB7}.Debug|Any CPU.ActiveCfg = Debug|Any CPU
		{5E4D0B8E-6C37-4C62-A4DF-D1B32E9AECB7}.Debug|Any CPU.Build.0 = Debug|Any CPU
		{5E4D0B8E-6C37-4C62-A4DF-D1B32E9AECB7}.Release|Any CPU.ActiveCfg = Release|Any CPU
		{5E4D0B8E-6C37-4C62-A4DF-D1B32E9AECB7}.Release|Any CPU.Build.0 = Release|Any CPU
		{01FD5B7E-4DBD-48DE-89EE-3B6200069179}.Debug|Any CPU.ActiveCfg = Debug|Any CPU
		{01FD5B7E-4DBD-48DE-89EE-3B6200069179}.Debug|Any CPU.Build.0 = Debug|Any CPU
		{01FD5B7E-4DBD-48DE-89EE-3B6200069179}.Release|Any CPU.ActiveCfg = Release|Any CPU
		{01FD5B7E-4DBD-48DE-89EE-3B6200069179}.Release|Any CPU.Build.0 = Release|Any CPU
		{37F2CFD3-C613-4E09-9C7F-709A4A615085}.Debug|Any CPU.ActiveCfg = Debug|Any CPU
		{37F2CFD3-C613-4E09-9C7F-709A4A615085}.Debug|Any CPU.Build.0 = Debug|Any CPU
		{37F2CFD3-C613-4E09-9C7F-709A4A615085}.Release|Any CPU.ActiveCfg = Release|Any CPU
		{37F2CFD3-C613-4E09-9C7F-709A4A615085}.Release|Any CPU.Build.0 = Release|Any CPU
		{C9C519A4-CA5C-4E48-9EC5-51D015F7D4A4}.Debug|Any CPU.ActiveCfg = Debug|Any CPU
		{C9C519A4-CA5C-4E48-9EC5-51D015F7D4A4}.Debug|Any CPU.Build.0 = Debug|Any CPU
		{C9C519A4-CA5C-4E48-9EC5-51D015F7D4A4}.Release|Any CPU.ActiveCfg = Release|Any CPU
		{C9C519A4-CA5C-4E48-9EC5-51D015F7D4A4}.Release|Any CPU.Build.0 = Release|Any CPU
		{292729EB-E49D-4F28-AF02-DC25CA5359C9}.Debug|Any CPU.ActiveCfg = Debug|Any CPU
		{292729EB-E49D-4F28-AF02-DC25CA5359C9}.Debug|Any CPU.Build.0 = Debug|Any CPU
		{292729EB-E49D-4F28-AF02-DC25CA5359C9}.Release|Any CPU.ActiveCfg = Release|Any CPU
		{292729EB-E49D-4F28-AF02-DC25CA5359C9}.Release|Any CPU.Build.0 = Release|Any CPU
		{D0CC77C1-E625-458A-BAFB-C2C07C274B44}.Debug|Any CPU.ActiveCfg = Debug|Any CPU
		{D0CC77C1-E625-458A-BAFB-C2C07C274B44}.Debug|Any CPU.Build.0 = Debug|Any CPU
		{D0CC77C1-E625-458A-BAFB-C2C07C274B44}.Release|Any CPU.ActiveCfg = Release|Any CPU
		{D0CC77C1-E625-458A-BAFB-C2C07C274B44}.Release|Any CPU.Build.0 = Release|Any CPU
	EndGlobalSection
	GlobalSection(SolutionProperties) = preSolution
		HideSolutionNode = FALSE
	EndGlobalSection
	GlobalSection(ExtensibilityGlobals) = postSolution
		SolutionGuid = {5972AC71-7B9E-435D-BD85-64B274946CFB}
	EndGlobalSection
EndGlobal
